
Microsoft Visual Studio Solution File, Format Version 12.00
# Visual Studio Version 17
VisualStudioVersion = 17.0.31903.59
MinimumVisualStudioVersion = 10.0.40219.1
Project("{FAE04EC0-301F-11D3-BF4B-00C04F79EFBC}") = "StockBalancer.Core", "src\StockBalancer.Core\StockBalancer.Core.csproj", "{09C470E0-EA64-4028-809A-1BBC47495E1C}"
EndProject
Project("{FAE04EC0-301F-11D3-BF4B-00C04F79EFBC}") = "StockBalancer.ConsoleUI", "src\StockBalancer.ConsoleUI\StockBalancer.ConsoleUI.csproj", "{5D3D37C4-8802-4D93-99B6-4F6B05AE524A}"
EndProject
Global
	GlobalSection(SolutionConfigurationPlatforms) = preSolution
		Debug|Any CPU = Debug|Any CPU
		Release|Any CPU = Release|Any CPU
	EndGlobalSection
	GlobalSection(SolutionProperties) = preSolution
		HideSolutionNode = FALSE
	EndGlobalSection
	GlobalSection(ProjectConfigurationPlatforms) = postSolution
		{09C470E0-EA64-4028-809A-1BBC47495E1C}.Debug|Any CPU.ActiveCfg = Debug|Any CPU
		{09C470E0-EA64-4028-809A-1BBC47495E1C}.Debug|Any CPU.Build.0 = Debug|Any CPU
		{09C470E0-EA64-4028-809A-1BBC47495E1C}.Release|Any CPU.ActiveCfg = Release|Any CPU
		{09C470E0-EA64-4028-809A-1BBC47495E1C}.Release|Any CPU.Build.0 = Release|Any CPU
		{5D3D37C4-8802-4D93-99B6-4F6B05AE524A}.Debug|Any CPU.ActiveCfg = Debug|Any CPU
		{5D3D37C4-8802-4D93-99B6-4F6B05AE524A}.Debug|Any CPU.Build.0 = Debug|Any CPU
		{5D3D37C4-8802-4D93-99B6-4F6B05AE524A}.Release|Any CPU.ActiveCfg = Release|Any CPU
		{5D3D37C4-8802-4D93-99B6-4F6B05AE524A}.Release|Any CPU.Build.0 = Release|Any CPU
	EndGlobalSection
EndGlobal
